// !$*UTF8*$!
{
	archiveVersion = 1;
	classes = {
	};
	objectVersion = 55;
	objects = {

/* Begin PBXBuildFile section */
		743634B228D635E40001D0EF /* AppDelegate.swift in Sources */ = {isa = PBXBuildFile; fileRef = 743634B128D635E40001D0EF /* AppDelegate.swift */; };
		743634B428D635E40001D0EF /* SceneDelegate.swift in Sources */ = {isa = PBXBuildFile; fileRef = 743634B328D635E40001D0EF /* SceneDelegate.swift */; };
		743634B628D635E40001D0EF /* ViewController.swift in Sources */ = {isa = PBXBuildFile; fileRef = 743634B528D635E40001D0EF /* ViewController.swift */; };
		743634B928D635E40001D0EF /* Main.storyboard in Resources */ = {isa = PBXBuildFile; fileRef = 743634B728D635E40001D0EF /* Main.storyboard */; };
		743634BB28D635E50001D0EF /* Assets.xcassets in Resources */ = {isa = PBXBuildFile; fileRef = 743634BA28D635E50001D0EF /* Assets.xcassets */; };
		743634BE28D635E50001D0EF /* LaunchScreen.storyboard in Resources */ = {isa = PBXBuildFile; fileRef = 743634BC28D635E50001D0EF /* LaunchScreen.storyboard */; };
		8250B10D528D6E9B4D65C242 /* Pods_Homework9__cocoa.framework in Frameworks */ = {isa = PBXBuildFile; fileRef = 0466FED37F73377431580434 /* Pods_Homework9__cocoa.framework */; };
/* End PBXBuildFile section */

/* Begin PBXFileReference section */
		0466FED37F73377431580434 /* Pods_Homework9__cocoa.framework */ = {isa = PBXFileReference; explicitFileType = wrapper.framework; includeInIndex = 0; path = Pods_Homework9__cocoa.framework; sourceTree = BUILT_PRODUCTS_DIR; };
		1FEC36B3CA9D3D5A5FA310BE /* Pods-Homework9 _cocoa.debug.xcconfig */ = {isa = PBXFileReference; includeInIndex = 1; lastKnownFileType = text.xcconfig; name = "Pods-Homework9 _cocoa.debug.xcconfig"; path = "Target Support Files/Pods-Homework9 _cocoa/Pods-Homework9 _cocoa.debug.xcconfig"; sourceTree = "<group>"; };
		743634AE28D635E40001D0EF /* Homework9 _cocoa.app */ = {isa = PBXFileReference; explicitFileType = wrapper.application; includeInIndex = 0; path = "Homework9 _cocoa.app"; sourceTree = BUILT_PRODUCTS_DIR; };
		743634B128D635E40001D0EF /* AppDelegate.swift */ = {isa = PBXFileReference; lastKnownFileType = sourcecode.swift; path = AppDelegate.swift; sourceTree = "<group>"; };
		743634B328D635E40001D0EF /* SceneDelegate.swift */ = {isa = PBXFileReference; lastKnownFileType = sourcecode.swift; path = SceneDelegate.swift; sourceTree = "<group>"; };
		743634B528D635E40001D0EF /* ViewController.swift */ = {isa = PBXFileReference; lastKnownFileType = sourcecode.swift; path = ViewController.swift; sourceTree = "<group>"; };
		743634B828D635E40001D0EF /* Base */ = {isa = PBXFileReference; lastKnownFileType = file.storyboard; name = Base; path = Base.lproj/Main.storyboard; sourceTree = "<group>"; };
		743634BA28D635E50001D0EF /* Assets.xcassets */ = {isa = PBXFileReference; lastKnownFileType = folder.assetcatalog; path = Assets.xcassets; sourceTree = "<group>"; };
		743634BD28D635E50001D0EF /* Base */ = {isa = PBXFileReference; lastKnownFileType = file.storyboard; name = Base; path = Base.lproj/LaunchScreen.storyboard; sourceTree = "<group>"; };
		743634BF28D635E50001D0EF /* Info.plist */ = {isa = PBXFileReference; lastKnownFileType = text.plist.xml; path = Info.plist; sourceTree = "<group>"; };
		FB61BBC63330219CD80B242B /* Pods-Homework9 _cocoa.release.xcconfig */ = {isa = PBXFileReference; includeInIndex = 1; lastKnownFileType = text.xcconfig; name = "Pods-Homework9 _cocoa.release.xcconfig"; path = "Target Support Files/Pods-Homework9 _cocoa/Pods-Homework9 _cocoa.release.xcconfig"; sourceTree = "<group>"; };
/* End PBXFileReference section */

/* Begin PBXFrameworksBuildPhase section */
		743634AB28D635E40001D0EF /* Frameworks */ = {
			isa = PBXFrameworksBuildPhase;
			buildActionMask = 2147483647;
			files = (
				8250B10D528D6E9B4D65C242 /* Pods_Homework9__cocoa.framework in Frameworks */,
			);
			runOnlyForDeploymentPostprocessing = 0;
		};
/* End PBXFrameworksBuildPhase section */

/* Begin PBXGroup section */
		743634A528D635E40001D0EF = {
			isa = PBXGroup;
			children = (
				743634B028D635E40001D0EF /* Homework9 _cocoa */,
				743634AF28D635E40001D0EF /* Products */,
				824E7A33947372F00CE5E4C7 /* Pods */,
				FAB6D2FC548B93F207456573 /* Frameworks */,
			);
			sourceTree = "<group>";
		};
		743634AF28D635E40001D0EF /* Products */ = {
			isa = PBXGroup;
			children = (
				743634AE28D635E40001D0EF /* Homework9 _cocoa.app */,
			);
			name = Products;
			sourceTree = "<group>";
		};
		743634B028D635E40001D0EF /* Homework9 _cocoa */ = {
			isa = PBXGroup;
			children = (
				743634B128D635E40001D0EF /* AppDelegate.swift */,
				743634B328D635E40001D0EF /* SceneDelegate.swift */,
				743634B528D635E40001D0EF /* ViewController.swift */,
				743634B728D635E40001D0EF /* Main.storyboard */,
				743634BA28D635E50001D0EF /* Assets.xcassets */,
				743634BC28D635E50001D0EF /* LaunchScreen.storyboard */,
				743634BF28D635E50001D0EF /* Info.plist */,
			);
			path = "Homework9 _cocoa";
			sourceTree = "<group>";
		};
		824E7A33947372F00CE5E4C7 /* Pods */ = {
			isa = PBXGroup;
			children = (
				1FEC36B3CA9D3D5A5FA310BE /* Pods-Homework9 _cocoa.debug.xcconfig */,
				FB61BBC63330219CD80B242B /* Pods-Homework9 _cocoa.release.xcconfig */,
			);
			name = Pods;
			path = Pods;
			sourceTree = "<group>";
		};
		FAB6D2FC548B93F207456573 /* Frameworks */ = {
			isa = PBXGroup;
			children = (
				0466FED37F73377431580434 /* Pods_Homework9__cocoa.framework */,
			);
			name = Frameworks;
			sourceTree = "<group>";
		};
/* End PBXGroup section */

/* Begin PBXNativeTarget section */
		743634AD28D635E40001D0EF /* Homework9 _cocoa */ = {
			isa = PBXNativeTarget;
			buildConfigurationList = 743634C228D635E50001D0EF /* Build configuration list for PBXNativeTarget "Homework9 _cocoa" */;
			buildPhases = (
				8CF24ED217B0FAD489E952C0 /* [CP] Check Pods Manifest.lock */,
				743634AA28D635E40001D0EF /* Sources */,
				743634AB28D635E40001D0EF /* Frameworks */,
				743634AC28D635E40001D0EF /* Resources */,
				3901B3F2C9922AB1128A5059 /* [CP] Embed Pods Frameworks */,
			);
			buildRules = (
			);
			dependencies = (
			);
			name = "Homework9 _cocoa";
			productName = "Homework9 _cocoa";
			productReference = 743634AE28D635E40001D0EF /* Homework9 _cocoa.app */;
			productType = "com.apple.product-type.application";
		};
/* End PBXNativeTarget section */

/* Begin PBXProject section */
		743634A628D635E40001D0EF /* Project object */ = {
			isa = PBXProject;
			attributes = {
				BuildIndependentTargetsInParallel = 1;
				LastSwiftUpdateCheck = 1400;
				LastUpgradeCheck = 1400;
				TargetAttributes = {
					743634AD28D635E40001D0EF = {
						CreatedOnToolsVersion = 14.0;
					};
				};
			};
			buildConfigurationList = 743634A928D635E40001D0EF /* Build configuration list for PBXProject "Homework9 _cocoa" */;
			compatibilityVersion = "Xcode 13.0";
			developmentRegion = en;
			hasScannedForEncodings = 0;
			knownRegions = (
				en,
				Base,
			);
			mainGroup = 743634A528D635E40001D0EF;
			productRefGroup = 743634AF28D635E40001D0EF /* Products */;
			projectDirPath = "";
			projectRoot = "";
			targets = (
				743634AD28D635E40001D0EF /* Homework9 _cocoa */,
			);
		};
/* End PBXProject section */

/* Begin PBXResourcesBuildPhase section */
		743634AC28D635E40001D0EF /* Resources */ = {
			isa = PBXResourcesBuildPhase;
			buildActionMask = 2147483647;
			files = (
				743634BE28D635E50001D0EF /* LaunchScreen.storyboard in Resources */,
				743634BB28D635E50001D0EF /* Assets.xcassets in Resources */,
				743634B928D635E40001D0EF /* Main.storyboard in Resources */,
			);
			runOnlyForDeploymentPostprocessing = 0;
		};
/* End PBXResourcesBuildPhase section */

/* Begin PBXShellScriptBuildPhase section */
		3901B3F2C9922AB1128A5059 /* [CP] Embed Pods Frameworks */ = {
			isa = PBXShellScriptBuildPhase;
			buildActionMask = 2147483647;
			files = (
			);
			inputFileListPaths = (
				"${PODS_ROOT}/Target Support Files/Pods-Homework9 _cocoa/Pods-Homework9 _cocoa-frameworks-${CONFIGURATION}-input-files.xcfilelist",
			);
			name = "[CP] Embed Pods Frameworks";
			outputFileListPaths = (
				"${PODS_ROOT}/Target Support Files/Pods-Homework9 _cocoa/Pods-Homework9 _cocoa-frameworks-${CONFIGURATION}-output-files.xcfilelist",
			);
			runOnlyForDeploymentPostprocessing = 0;
			shellPath = /bin/sh;
			shellScript = "\"${PODS_ROOT}/Target Support Files/Pods-Homework9 _cocoa/Pods-Homework9 _cocoa-frameworks.sh\"\n";
			showEnvVarsInLog = 0;
		};
		8CF24ED217B0FAD489E952C0 /* [CP] Check Pods Manifest.lock */ = {
			isa = PBXShellScriptBuildPhase;
			buildActionMask = 2147483647;
			files = (
			);
			inputFileListPaths = (
			);
			inputPaths = (
				"${PODS_PODFILE_DIR_PATH}/Podfile.lock",
				"${PODS_ROOT}/Manifest.lock",
			);
			name = "[CP] Check Pods Manifest.lock";
			outputFileListPaths = (
			);
			outputPaths = (
				"$(DERIVED_FILE_DIR)/Pods-Homework9 _cocoa-checkManifestLockResult.txt",
			);
			runOnlyForDeploymentPostprocessing = 0;
			shellPath = /bin/sh;
			shellScript = "diff \"${PODS_PODFILE_DIR_PATH}/Podfile.lock\" \"${PODS_ROOT}/Manifest.lock\" > /dev/null\nif [ $? != 0 ] ; then\n    # print error to STDERR\n    echo \"error: The sandbox is not in sync with the Podfile.lock. Run 'pod install' or update your CocoaPods installation.\" >&2\n    exit 1\nfi\n# This output is used by Xcode 'outputs' to avoid re-running this script phase.\necho \"SUCCESS\" > \"${SCRIPT_OUTPUT_FILE_0}\"\n";
			showEnvVarsInLog = 0;
		};
/* End PBXShellScriptBuildPhase section */

/* Begin PBXSourcesBuildPhase section */
		743634AA28D635E40001D0EF /* Sources */ = {
			isa = PBXSourcesBuildPhase;
			buildActionMask = 2147483647;
			files = (
				743634B628D635E40001D0EF /* ViewController.swift in Sources */,
				743634B228D635E40001D0EF /* AppDelegate.swift in Sources */,
				743634B428D635E40001D0EF /* SceneDelegate.swift in Sources */,
			);
			runOnlyForDeploymentPostprocessing = 0;
		};
/* End PBXSourcesBuildPhase section */

/* Begin PBXVariantGroup section */
		743634B728D635E40001D0EF /* Main.storyboard */ = {
			isa = PBXVariantGroup;
			children = (
				743634B828D635E40001D0EF /* Base */,
			);
			name = Main.storyboard;
			sourceTree = "<group>";
		};
		743634BC28D635E50001D0EF /* LaunchScreen.storyboard */ = {
			isa = PBXVariantGroup;
			children = (
				743634BD28D635E50001D0EF /* Base */,
			);
			name = LaunchScreen.storyboard;
			sourceTree = "<group>";
		};
/* End PBXVariantGroup section */

/* Begin XCBuildConfiguration section */
		743634C028D635E50001D0EF /* Debug */ = {
			isa = XCBuildConfiguration;
			buildSettings = {
				ALWAYS_SEARCH_USER_PATHS = NO;
				CLANG_ANALYZER_NONNULL = YES;
				CLANG_ANALYZER_NUMBER_OBJECT_CONVERSION = YES_AGGRESSIVE;
				CLANG_CXX_LANGUAGE_STANDARD = "gnu++20";
				CLANG_ENABLE_MODULES = YES;
				CLANG_ENABLE_OBJC_ARC = YES;
				CLANG_ENABLE_OBJC_WEAK = YES;
				CLANG_WARN_BLOCK_CAPTURE_AUTORELEASING = YES;
				CLANG_WARN_BOOL_CONVERSION = YES;
				CLANG_WARN_COMMA = YES;
				CLANG_WARN_CONSTANT_CONVERSION = YES;
				CLANG_WARN_DEPRECATED_OBJC_IMPLEMENTATIONS = YES;
				CLANG_WARN_DIRECT_OBJC_ISA_USAGE = YES_ERROR;
				CLANG_WARN_DOCUMENTATION_COMMENTS = YES;
				CLANG_WARN_EMPTY_BODY = YES;
				CLANG_WARN_ENUM_CONVERSION = YES;
				CLANG_WARN_INFINITE_RECURSION = YES;
				CLANG_WARN_INT_CONVERSION = YES;
				CLANG_WARN_NON_LITERAL_NULL_CONVERSION = YES;
				CLANG_WARN_OBJC_IMPLICIT_RETAIN_SELF = YES;
				CLANG_WARN_OBJC_LITERAL_CONVERSION = YES;
				CLANG_WARN_OBJC_ROOT_CLASS = YES_ERROR;
				CLANG_WARN_QUOTED_INCLUDE_IN_FRAMEWORK_HEADER = YES;
				CLANG_WARN_RANGE_LOOP_ANALYSIS = YES;
				CLANG_WARN_STRICT_PROTOTYPES = YES;
				CLANG_WARN_SUSPICIOUS_MOVE = YES;
				CLANG_WARN_UNGUARDED_AVAILABILITY = YES_AGGRESSIVE;
				CLANG_WARN_UNREACHABLE_CODE = YES;
				CLANG_WARN__DUPLICATE_METHOD_MATCH = YES;
				COPY_PHASE_STRIP = NO;
				DEBUG_INFORMATION_FORMAT = dwarf;
				ENABLE_STRICT_OBJC_MSGSEND = YES;
				ENABLE_TESTABILITY = YES;
				GCC_C_LANGUAGE_STANDARD = gnu11;
				GCC_DYNAMIC_NO_PIC = NO;
				GCC_NO_COMMON_BLOCKS = YES;
				GCC_OPTIMIZATION_LEVEL = 0;
				GCC_PREPROCESSOR_DEFINITIONS = (
					"DEBUG=1",
					"$(inherited)",
				);
				GCC_WARN_64_TO_32_BIT_CONVERSION = YES;
				GCC_WARN_ABOUT_RETURN_TYPE = YES_ERROR;
				GCC_WARN_UNDECLARED_SELECTOR = YES;
				GCC_WARN_UNINITIALIZED_AUTOS = YES_AGGRESSIVE;
				GCC_WARN_UNUSED_FUNCTION = YES;
				GCC_WARN_UNUSED_VARIABLE = YES;
				IPHONEOS_DEPLOYMENT_TARGET = 15.0;
				MTL_ENABLE_DEBUG_INFO = INCLUDE_SOURCE;
				MTL_FAST_MATH = YES;
				ONLY_ACTIVE_ARCH = YES;
				SDKROOT = iphoneos;
				SWIFT_ACTIVE_COMPILATION_CONDITIONS = DEBUG;
				SWIFT_OPTIMIZATION_LEVEL = "-Onone";
			};
			name = Debug;
		};
		743634C128D635E50001D0EF /* Release */ = {
			isa = XCBuildConfiguration;
			buildSettings = {
				ALWAYS_SEARCH_USER_PATHS = NO;
				CLANG_ANALYZER_NONNULL = YES;
				CLANG_ANALYZER_NUMBER_OBJECT_CONVERSION = YES_AGGRESSIVE;
				CLANG_CXX_LANGUAGE_STANDARD = "gnu++20";
				CLANG_ENABLE_MODULES = YES;
				CLANG_ENABLE_OBJC_ARC = YES;
				CLANG_ENABLE_OBJC_WEAK = YES;
				CLANG_WARN_BLOCK_CAPTURE_AUTORELEASING = YES;
				CLANG_WARN_BOOL_CONVERSION = YES;
				CLANG_WARN_COMMA = YES;
				CLANG_WARN_CONSTANT_CONVERSION = YES;
				CLANG_WARN_DEPRECATED_OBJC_IMPLEMENTATIONS = YES;
				CLANG_WARN_DIRECT_OBJC_ISA_USAGE = YES_ERROR;
				CLANG_WARN_DOCUMENTATION_COMMENTS = YES;
				CLANG_WARN_EMPTY_BODY = YES;
				CLANG_WARN_ENUM_CONVERSION = YES;
				CLANG_WARN_INFINITE_RECURSION = YES;
				CLANG_WARN_INT_CONVERSION = YES;
				CLANG_WARN_NON_LITERAL_NULL_CONVERSION = YES;
				CLANG_WARN_OBJC_IMPLICIT_RETAIN_SELF = YES;
				CLANG_WARN_OBJC_LITERAL_CONVERSION = YES;
				CLANG_WARN_OBJC_ROOT_CLASS = YES_ERROR;
				CLANG_WARN_QUOTED_INCLUDE_IN_FRAMEWORK_HEADER = YES;
				CLANG_WARN_RANGE_LOOP_ANALYSIS = YES;
				CLANG_WARN_STRICT_PROTOTYPES = YES;
				CLANG_WARN_SUSPICIOUS_MOVE = YES;
				CLANG_WARN_UNGUARDED_AVAILABILITY = YES_AGGRESSIVE;
				CLANG_WARN_UNREACHABLE_CODE = YES;
				CLANG_WARN__DUPLICATE_METHOD_MATCH = YES;
				COPY_PHASE_STRIP = NO;
				DEBUG_INFORMATION_FORMAT = "dwarf-with-dsym";
				ENABLE_NS_ASSERTIONS = NO;
				ENABLE_STRICT_OBJC_MSGSEND = YES;
				GCC_C_LANGUAGE_STANDARD = gnu11;
				GCC_NO_COMMON_BLOCKS = YES;
				GCC_WARN_64_TO_32_BIT_CONVERSION = YES;
				GCC_WARN_ABOUT_RETURN_TYPE = YES_ERROR;
				GCC_WARN_UNDECLARED_SELECTOR = YES;
				GCC_WARN_UNINITIALIZED_AUTOS = YES_AGGRESSIVE;
				GCC_WARN_UNUSED_FUNCTION = YES;
				GCC_WARN_UNUSED_VARIABLE = YES;
				IPHONEOS_DEPLOYMENT_TARGET = 15.0;
				MTL_ENABLE_DEBUG_INFO = NO;
				MTL_FAST_MATH = YES;
				SDKROOT = iphoneos;
				SWIFT_COMPILATION_MODE = wholemodule;
				SWIFT_OPTIMIZATION_LEVEL = "-O";
				VALIDATE_PRODUCT = YES;
			};
			name = Release;
		};
		743634C328D635E50001D0EF /* Debug */ = {
			isa = XCBuildConfiguration;
			baseConfigurationReference = 1FEC36B3CA9D3D5A5FA310BE /* Pods-Homework9 _cocoa.debug.xcconfig */;
			buildSettings = {
				ASSETCATALOG_COMPILER_APPICON_NAME = AppIcon;
				ASSETCATALOG_COMPILER_GLOBAL_ACCENT_COLOR_NAME = AccentColor;
				CODE_SIGN_STYLE = Automatic;
				CURRENT_PROJECT_VERSION = 1;
				DEVELOPMENT_TEAM = PTXD49XJ9U;
				GENERATE_INFOPLIST_FILE = YES;
				INFOPLIST_FILE = "Homework9 _cocoa/Info.plist";
				INFOPLIST_KEY_UIApplicationSupportsIndirectInputEvents = YES;
				INFOPLIST_KEY_UILaunchStoryboardName = LaunchScreen;
				INFOPLIST_KEY_UIMainStoryboardFile = Main;
				INFOPLIST_KEY_UISupportedInterfaceOrientations_iPad = "UIInterfaceOrientationPortrait UIInterfaceOrientationPortraitUpsideDown UIInterfaceOrientationLandscapeLeft UIInterfaceOrientationLandscapeRight";
				INFOPLIST_KEY_UISupportedInterfaceOrientations_iPhone = "UIInterfaceOrientationPortrait UIInterfaceOrientationLandscapeLeft UIInterfaceOrientationLandscapeRight";
				IPHONEOS_DEPLOYMENT_TARGET = 15.0;
				LD_RUNPATH_SEARCH_PATHS = (
					"$(inherited)",
					"@executable_path/Frameworks",
				);
				MARKETING_VERSION = 1.0;
				PRODUCT_BUNDLE_IDENTIFIER = "com.Foxyo.Homework9--cocoa";
				PRODUCT_NAME = "$(TARGET_NAME)";
				SWIFT_EMIT_LOC_STRINGS = YES;
				SWIFT_VERSION = 5.0;
				TARGETED_DEVICE_FAMILY = "1,2";
			};
			name = Debug;
		};
		743634C428D635E50001D0EF /* Release */ = {
			isa = XCBuildConfiguration;
			baseConfigurationReference = FB61BBC63330219CD80B242B /* Pods-Homework9 _cocoa.release.xcconfig */;
			buildSettings = {
				ASSETCATALOG_COMPILER_APPICON_NAME = AppIcon;
				ASSETCATALOG_COMPILER_GLOBAL_ACCENT_COLOR_NAME = AccentColor;
				CODE_SIGN_STYLE = Automatic;
				CURRENT_PROJECT_VERSION = 1;
				DEVELOPMENT_TEAM = PTXD49XJ9U;
				GENERATE_INFOPLIST_FILE = YES;
				INFOPLIST_FILE = "Homework9 _cocoa/Info.plist";
				INFOPLIST_KEY_UIApplicationSupportsIndirectInputEvents = YES;
				INFOPLIST_KEY_UILaunchStoryboardName = LaunchScreen;
				INFOPLIST_KEY_UIMainStoryboardFile = Main;
				INFOPLIST_KEY_UISupportedInterfaceOrientations_iPad = "UIInterfaceOrientationPortrait UIInterfaceOrientationPortraitUpsideDown UIInterfaceOrientationLandscapeLeft UIInterfaceOrientationLandscapeRight";
				INFOPLIST_KEY_UISupportedInterfaceOrientations_iPhone = "UIInterfaceOrientationPortrait UIInterfaceOrientationLandscapeLeft UIInterfaceOrientationLandscapeRight";
				IPHONEOS_DEPLOYMENT_TARGET = 15.0;
				LD_RUNPATH_SEARCH_PATHS = (
					"$(inherited)",
					"@executable_path/Frameworks",
				);
				MARKETING_VERSION = 1.0;
				PRODUCT_BUNDLE_IDENTIFIER = "com.Foxyo.Homework9--cocoa";
				PRODUCT_NAME = "$(TARGET_NAME)";
				SWIFT_EMIT_LOC_STRINGS = YES;
				SWIFT_VERSION = 5.0;
				TARGETED_DEVICE_FAMILY = "1,2";
			};
			name = Release;
		};
/* End XCBuildConfiguration section */

/* Begin XCConfigurationList section */
		743634A928D635E40001D0EF /* Build configuration list for PBXProject "Homework9 _cocoa" */ = {
			isa = XCConfigurationList;
			buildConfigurations = (
				743634C028D635E50001D0EF /* Debug */,
				743634C128D635E50001D0EF /* Release */,
			);
			defaultConfigurationIsVisible = 0;
			defaultConfigurationName = Release;
		};
		743634C228D635E50001D0EF /* Build configuration list for PBXNativeTarget "Homework9 _cocoa" */ = {
			isa = XCConfigurationList;
			buildConfigurations = (
				743634C328D635E50001D0EF /* Debug */,
				743634C428D635E50001D0EF /* Release */,
			);
			defaultConfigurationIsVisible = 0;
			defaultConfigurationName = Release;
		};
/* End XCConfigurationList section */
	};
	rootObject = 743634A628D635E40001D0EF /* Project object */;
}
